
Microsoft Visual Studio Solution File, Format Version 12.00
# Visual Studio 15
Project("{FAE04EC0-301F-11D3-BF4B-00C04F79EFBC}") = "vino-api", "vino-api\vino-api.csproj", "{FFAA40E1-C312-4356-A603-D6805C2B4CCA}"
EndProject
Global
	GlobalSection(SolutionConfigurationPlatforms) = preSolution
		Debug|Any CPU = Debug|Any CPU
		Release|Any CPU = Release|Any CPU
	EndGlobalSection
	GlobalSection(ProjectConfigurationPlatforms) = postSolution
		{FFAA40E1-C312-4356-A603-D6805C2B4CCA}.Debug|Any CPU.ActiveCfg = Debug|Any CPU
		{FFAA40E1-C312-4356-A603-D6805C2B4CCA}.Debug|Any CPU.Build.0 = Debug|Any CPU
		{FFAA40E1-C312-4356-A603-D6805C2B4CCA}.Release|Any CPU.ActiveCfg = Release|Any CPU
		{FFAA40E1-C312-4356-A603-D6805C2B4CCA}.Release|Any CPU.Build.0 = Release|Any CPU
	EndGlobalSection
EndGlobal
